
Microsoft Visual Studio Solution File, Format Version 12.00
# Visual Studio 15
VisualStudioVersion = 15.0.28307.572
MinimumVisualStudioVersion = 10.0.40219.1
Project("{FAE04EC0-301F-11D3-BF4B-00C04F79EFBC}") = "CoreAppDevOps", "CoreAppDevOps\CoreAppDevOps.csproj", "{3EE506FF-B804-4A5C-A3F0-966A8AA12A31}"
EndProject
Global
	GlobalSection(SolutionConfigurationPlatforms) = preSolution
		Debug|Any CPU = Debug|Any CPU
		Release|Any CPU = Release|Any CPU
	EndGlobalSection
	GlobalSection(ProjectConfigurationPlatforms) = postSolution
		{3EE506FF-B804-4A5C-A3F0-966A8AA12A31}.Debug|Any CPU.ActiveCfg = Debug|Any CPU
		{3EE506FF-B804-4A5C-A3F0-966A8AA12A31}.Debug|Any CPU.Build.0 = Debug|Any CPU
		{3EE506FF-B804-4A5C-A3F0-966A8AA12A31}.Release|Any CPU.ActiveCfg = Release|Any CPU
		{3EE506FF-B804-4A5C-A3F0-966A8AA12A31}.Release|Any CPU.Build.0 = Release|Any CPU
	EndGlobalSection
	GlobalSection(SolutionProperties) = preSolution
		HideSolutionNode = FALSE
	EndGlobalSection
	GlobalSection(ExtensibilityGlobals) = postSolution
		SolutionGuid = {D7372C58-F6B0-434C-9EE0-180D0082F1FF}
	EndGlobalSection
EndGlobal
